// !$*UTF8*$!
{
	archiveVersion = 1;
	classes = {
	};
	objectVersion = 56;
	objects = {

/* Begin PBXBuildFile section */
		30713CC22994215600B7F3F8 /* ModulesGPTApp.swift in Sources */ = {isa = PBXBuildFile; fileRef = 30713CC12994215600B7F3F8 /* ModulesGPTApp.swift */; };
		30713CC62994215700B7F3F8 /* Assets.xcassets in Resources */ = {isa = PBXBuildFile; fileRef = 30713CC52994215700B7F3F8 /* Assets.xcassets */; };
		30713CC92994215800B7F3F8 /* Preview Assets.xcassets in Resources */ = {isa = PBXBuildFile; fileRef = 30713CC82994215800B7F3F8 /* Preview Assets.xcassets */; };
		30713CD62994251000B7F3F8 /* ModulesView.swift in Sources */ = {isa = PBXBuildFile; fileRef = 30713CD52994251000B7F3F8 /* ModulesView.swift */; };
		30713CD82994251800B7F3F8 /* SettingsView.swift in Sources */ = {isa = PBXBuildFile; fileRef = 30713CD72994251800B7F3F8 /* SettingsView.swift */; };
		30713CDB2994291900B7F3F8 /* OpenAISwift in Frameworks */ = {isa = PBXBuildFile; productRef = 30713CDA2994291900B7F3F8 /* OpenAISwift */; };
		30713CDD2994293800B7F3F8 /* AppModel.swift in Sources */ = {isa = PBXBuildFile; fileRef = 30713CDC2994293800B7F3F8 /* AppModel.swift */; };
		30713CE329955F6B00B7F3F8 /* NewChatView.swift in Sources */ = {isa = PBXBuildFile; fileRef = 30713CE229955F6B00B7F3F8 /* NewChatView.swift */; };
		30713CE52995832700B7F3F8 /* ConceptView.swift in Sources */ = {isa = PBXBuildFile; fileRef = 30713CE42995832700B7F3F8 /* ConceptView.swift */; };
		30713CE82996AE4600B7F3F8 /* ResultView.swift in Sources */ = {isa = PBXBuildFile; fileRef = 30713CE72996AE4600B7F3F8 /* ResultView.swift */; };
		30713CEA2996B72E00B7F3F8 /* RelatedTopicsView.swift in Sources */ = {isa = PBXBuildFile; fileRef = 30713CE92996B72E00B7F3F8 /* RelatedTopicsView.swift */; };
		30713CEC2996C99A00B7F3F8 /* DefinitionView.swift in Sources */ = {isa = PBXBuildFile; fileRef = 30713CEB2996C99A00B7F3F8 /* DefinitionView.swift */; };
		30713CEE2996CEDB00B7F3F8 /* ArticleView.swift in Sources */ = {isa = PBXBuildFile; fileRef = 30713CED2996CEDB00B7F3F8 /* ArticleView.swift */; };
		30713CF02996D32500B7F3F8 /* ExpandedView.swift in Sources */ = {isa = PBXBuildFile; fileRef = 30713CEF2996D32500B7F3F8 /* ExpandedView.swift */; };
		30713CF22996D9CC00B7F3F8 /* SummarizedView.swift in Sources */ = {isa = PBXBuildFile; fileRef = 30713CF12996D9CC00B7F3F8 /* SummarizedView.swift */; };
		30713CF42996DFE700B7F3F8 /* ComparisonView.swift in Sources */ = {isa = PBXBuildFile; fileRef = 30713CF32996DFE700B7F3F8 /* ComparisonView.swift */; };
		30713CF62996E47300B7F3F8 /* NextView.swift in Sources */ = {isa = PBXBuildFile; fileRef = 30713CF52996E47300B7F3F8 /* NextView.swift */; };
		30713CF82996E87400B7F3F8 /* AffirmationView.swift in Sources */ = {isa = PBXBuildFile; fileRef = 30713CF72996E87400B7F3F8 /* AffirmationView.swift */; };
		30A89B672997003E00A4A973 /* Constants.swift in Sources */ = {isa = PBXBuildFile; fileRef = 30A89B662997003E00A4A973 /* Constants.swift */; };
		30A89B692997004F00A4A973 /* EmailHelper.swift in Sources */ = {isa = PBXBuildFile; fileRef = 30A89B682997004F00A4A973 /* EmailHelper.swift */; };
/* End PBXBuildFile section */

/* Begin PBXFileReference section */
		30713CBE2994215600B7F3F8 /* ModulesGPT.app */ = {isa = PBXFileReference; explicitFileType = wrapper.application; includeInIndex = 0; path = ModulesGPT.app; sourceTree = BUILT_PRODUCTS_DIR; };
		30713CC12994215600B7F3F8 /* ModulesGPTApp.swift */ = {isa = PBXFileReference; lastKnownFileType = sourcecode.swift; path = ModulesGPTApp.swift; sourceTree = "<group>"; };
		30713CC52994215700B7F3F8 /* Assets.xcassets */ = {isa = PBXFileReference; lastKnownFileType = folder.assetcatalog; path = Assets.xcassets; sourceTree = "<group>"; };
		30713CC82994215800B7F3F8 /* Preview Assets.xcassets */ = {isa = PBXFileReference; lastKnownFileType = folder.assetcatalog; path = "Preview Assets.xcassets"; sourceTree = "<group>"; };
		30713CD52994251000B7F3F8 /* ModulesView.swift */ = {isa = PBXFileReference; lastKnownFileType = sourcecode.swift; path = ModulesView.swift; sourceTree = "<group>"; };
		30713CD72994251800B7F3F8 /* SettingsView.swift */ = {isa = PBXFileReference; lastKnownFileType = sourcecode.swift; path = SettingsView.swift; sourceTree = "<group>"; };
		30713CDC2994293800B7F3F8 /* AppModel.swift */ = {isa = PBXFileReference; lastKnownFileType = sourcecode.swift; path = AppModel.swift; sourceTree = "<group>"; };
		30713CE229955F6B00B7F3F8 /* NewChatView.swift */ = {isa = PBXFileReference; fileEncoding = 4; lastKnownFileType = sourcecode.swift; path = NewChatView.swift; sourceTree = "<group>"; };
		30713CE42995832700B7F3F8 /* ConceptView.swift */ = {isa = PBXFileReference; lastKnownFileType = sourcecode.swift; path = ConceptView.swift; sourceTree = "<group>"; };
		30713CE72996AE4600B7F3F8 /* ResultView.swift */ = {isa = PBXFileReference; lastKnownFileType = sourcecode.swift; path = ResultView.swift; sourceTree = "<group>"; };
		30713CE92996B72E00B7F3F8 /* RelatedTopicsView.swift */ = {isa = PBXFileReference; lastKnownFileType = sourcecode.swift; path = RelatedTopicsView.swift; sourceTree = "<group>"; };
		30713CEB2996C99A00B7F3F8 /* DefinitionView.swift */ = {isa = PBXFileReference; lastKnownFileType = sourcecode.swift; path = DefinitionView.swift; sourceTree = "<group>"; };
		30713CED2996CEDB00B7F3F8 /* ArticleView.swift */ = {isa = PBXFileReference; lastKnownFileType = sourcecode.swift; path = ArticleView.swift; sourceTree = "<group>"; };
		30713CEF2996D32500B7F3F8 /* ExpandedView.swift */ = {isa = PBXFileReference; lastKnownFileType = sourcecode.swift; path = ExpandedView.swift; sourceTree = "<group>"; };
		30713CF12996D9CC00B7F3F8 /* SummarizedView.swift */ = {isa = PBXFileReference; lastKnownFileType = sourcecode.swift; path = SummarizedView.swift; sourceTree = "<group>"; };
		30713CF32996DFE700B7F3F8 /* ComparisonView.swift */ = {isa = PBXFileReference; lastKnownFileType = sourcecode.swift; path = ComparisonView.swift; sourceTree = "<group>"; };
		30713CF52996E47300B7F3F8 /* NextView.swift */ = {isa = PBXFileReference; lastKnownFileType = sourcecode.swift; path = NextView.swift; sourceTree = "<group>"; };
		30713CF72996E87400B7F3F8 /* AffirmationView.swift */ = {isa = PBXFileReference; lastKnownFileType = sourcecode.swift; path = AffirmationView.swift; sourceTree = "<group>"; };
		30A89B662997003E00A4A973 /* Constants.swift */ = {isa = PBXFileReference; lastKnownFileType = sourcecode.swift; path = Constants.swift; sourceTree = "<group>"; };
		30A89B682997004F00A4A973 /* EmailHelper.swift */ = {isa = PBXFileReference; lastKnownFileType = sourcecode.swift; path = EmailHelper.swift; sourceTree = "<group>"; };
/* End PBXFileReference section */

/* Begin PBXFrameworksBuildPhase section */
		30713CBB2994215600B7F3F8 /* Frameworks */ = {
			isa = PBXFrameworksBuildPhase;
			buildActionMask = 2147483647;
			files = (
				30713CDB2994291900B7F3F8 /* OpenAISwift in Frameworks */,
			);
			runOnlyForDeploymentPostprocessing = 0;
		};
/* End PBXFrameworksBuildPhase section */

/* Begin PBXGroup section */
		30713CB52994215600B7F3F8 = {
			isa = PBXGroup;
			children = (
				30713CC02994215600B7F3F8 /* ModulesGPT */,
				30713CBF2994215600B7F3F8 /* Products */,
			);
			sourceTree = "<group>";
		};
		30713CBF2994215600B7F3F8 /* Products */ = {
			isa = PBXGroup;
			children = (
				30713CBE2994215600B7F3F8 /* ModulesGPT.app */,
			);
			name = Products;
			sourceTree = "<group>";
		};
		30713CC02994215600B7F3F8 /* ModulesGPT */ = {
			isa = PBXGroup;
			children = (
				30A89B652997002800A4A973 /* Utilities */,
				30713CC12994215600B7F3F8 /* ModulesGPTApp.swift */,
				30713CDC2994293800B7F3F8 /* AppModel.swift */,
				30713CD52994251000B7F3F8 /* ModulesView.swift */,
				30713CD72994251800B7F3F8 /* SettingsView.swift */,
				30713CE62996AE2800B7F3F8 /* View Components */,
				30713CDF29943F9300B7F3F8 /* Modules */,
				30713CC52994215700B7F3F8 /* Assets.xcassets */,
				30713CC72994215800B7F3F8 /* Preview Content */,
			);
			path = ModulesGPT;
			sourceTree = "<group>";
		};
		30713CC72994215800B7F3F8 /* Preview Content */ = {
			isa = PBXGroup;
			children = (
				30713CC82994215800B7F3F8 /* Preview Assets.xcassets */,
			);
			path = "Preview Content";
			sourceTree = "<group>";
		};
		30713CDF29943F9300B7F3F8 /* Modules */ = {
			isa = PBXGroup;
			children = (
				30713CE229955F6B00B7F3F8 /* NewChatView.swift */,
				30713CE42995832700B7F3F8 /* ConceptView.swift */,
				30713CE92996B72E00B7F3F8 /* RelatedTopicsView.swift */,
				30713CEB2996C99A00B7F3F8 /* DefinitionView.swift */,
				30713CED2996CEDB00B7F3F8 /* ArticleView.swift */,
				30713CEF2996D32500B7F3F8 /* ExpandedView.swift */,
				30713CF12996D9CC00B7F3F8 /* SummarizedView.swift */,
				30713CF32996DFE700B7F3F8 /* ComparisonView.swift */,
				30713CF52996E47300B7F3F8 /* NextView.swift */,
				30713CF72996E87400B7F3F8 /* AffirmationView.swift */,
			);
			path = Modules;
			sourceTree = "<group>";
		};
		30713CE62996AE2800B7F3F8 /* View Components */ = {
			isa = PBXGroup;
			children = (
				30713CE72996AE4600B7F3F8 /* ResultView.swift */,
			);
			path = "View Components";
			sourceTree = "<group>";
		};
		30A89B652997002800A4A973 /* Utilities */ = {
			isa = PBXGroup;
			children = (
				30A89B662997003E00A4A973 /* Constants.swift */,
				30A89B682997004F00A4A973 /* EmailHelper.swift */,
			);
			path = Utilities;
			sourceTree = "<group>";
		};
/* End PBXGroup section */

/* Begin PBXNativeTarget section */
		30713CBD2994215600B7F3F8 /* ModulesGPT */ = {
			isa = PBXNativeTarget;
			buildConfigurationList = 30713CCC2994215800B7F3F8 /* Build configuration list for PBXNativeTarget "ModulesGPT" */;
			buildPhases = (
				30713CBA2994215600B7F3F8 /* Sources */,
				30713CBB2994215600B7F3F8 /* Frameworks */,
				30713CBC2994215600B7F3F8 /* Resources */,
			);
			buildRules = (
			);
			dependencies = (
			);
			name = ModulesGPT;
			packageProductDependencies = (
				30713CDA2994291900B7F3F8 /* OpenAISwift */,
			);
			productName = ModulesGPT;
			productReference = 30713CBE2994215600B7F3F8 /* ModulesGPT.app */;
			productType = "com.apple.product-type.application";
		};
/* End PBXNativeTarget section */

/* Begin PBXProject section */
		30713CB62994215600B7F3F8 /* Project object */ = {
			isa = PBXProject;
			attributes = {
				BuildIndependentTargetsInParallel = 1;
				LastSwiftUpdateCheck = 1420;
				LastUpgradeCheck = 1420;
				TargetAttributes = {
					30713CBD2994215600B7F3F8 = {
						CreatedOnToolsVersion = 14.2;
					};
				};
			};
			buildConfigurationList = 30713CB92994215600B7F3F8 /* Build configuration list for PBXProject "ModulesGPT" */;
			compatibilityVersion = "Xcode 14.0";
			developmentRegion = en;
			hasScannedForEncodings = 0;
			knownRegions = (
				en,
				Base,
			);
			mainGroup = 30713CB52994215600B7F3F8;
			packageReferences = (
				30713CD92994291900B7F3F8 /* XCRemoteSwiftPackageReference "OpenAISwift" */,
			);
			productRefGroup = 30713CBF2994215600B7F3F8 /* Products */;
			projectDirPath = "";
			projectRoot = "";
			targets = (
				30713CBD2994215600B7F3F8 /* ModulesGPT */,
			);
		};
/* End PBXProject section */

/* Begin PBXResourcesBuildPhase section */
		30713CBC2994215600B7F3F8 /* Resources */ = {
			isa = PBXResourcesBuildPhase;
			buildActionMask = 2147483647;
			files = (
				30713CC92994215800B7F3F8 /* Preview Assets.xcassets in Resources */,
				30713CC62994215700B7F3F8 /* Assets.xcassets in Resources */,
			);
			runOnlyForDeploymentPostprocessing = 0;
		};
/* End PBXResourcesBuildPhase section */

/* Begin PBXSourcesBuildPhase section */
		30713CBA2994215600B7F3F8 /* Sources */ = {
			isa = PBXSourcesBuildPhase;
			buildActionMask = 2147483647;
			files = (
				30A89B692997004F00A4A973 /* EmailHelper.swift in Sources */,
				30713CF82996E87400B7F3F8 /* AffirmationView.swift in Sources */,
				30713CEA2996B72E00B7F3F8 /* RelatedTopicsView.swift in Sources */,
				30713CD82994251800B7F3F8 /* SettingsView.swift in Sources */,
				30713CE52995832700B7F3F8 /* ConceptView.swift in Sources */,
				30713CF22996D9CC00B7F3F8 /* SummarizedView.swift in Sources */,
				30713CF02996D32500B7F3F8 /* ExpandedView.swift in Sources */,
				30713CF42996DFE700B7F3F8 /* ComparisonView.swift in Sources */,
				30A89B672997003E00A4A973 /* Constants.swift in Sources */,
				30713CD62994251000B7F3F8 /* ModulesView.swift in Sources */,
				30713CF62996E47300B7F3F8 /* NextView.swift in Sources */,
				30713CC22994215600B7F3F8 /* ModulesGPTApp.swift in Sources */,
				30713CE329955F6B00B7F3F8 /* NewChatView.swift in Sources */,
				30713CEC2996C99A00B7F3F8 /* DefinitionView.swift in Sources */,
				30713CEE2996CEDB00B7F3F8 /* ArticleView.swift in Sources */,
				30713CE82996AE4600B7F3F8 /* ResultView.swift in Sources */,
				30713CDD2994293800B7F3F8 /* AppModel.swift in Sources */,
			);
			runOnlyForDeploymentPostprocessing = 0;
		};
/* End PBXSourcesBuildPhase section */

/* Begin XCBuildConfiguration section */
		30713CCA2994215800B7F3F8 /* Debug */ = {
			isa = XCBuildConfiguration;
			buildSettings = {
				ALWAYS_SEARCH_USER_PATHS = NO;
				CLANG_ANALYZER_NONNULL = YES;
				CLANG_ANALYZER_NUMBER_OBJECT_CONVERSION = YES_AGGRESSIVE;
				CLANG_CXX_LANGUAGE_STANDARD = "gnu++20";
				CLANG_ENABLE_MODULES = YES;
				CLANG_ENABLE_OBJC_ARC = YES;
				CLANG_ENABLE_OBJC_WEAK = YES;
				CLANG_WARN_BLOCK_CAPTURE_AUTORELEASING = YES;
				CLANG_WARN_BOOL_CONVERSION = YES;
				CLANG_WARN_COMMA = YES;
				CLANG_WARN_CONSTANT_CONVERSION = YES;
				CLANG_WARN_DEPRECATED_OBJC_IMPLEMENTATIONS = YES;
				CLANG_WARN_DIRECT_OBJC_ISA_USAGE = YES_ERROR;
				CLANG_WARN_DOCUMENTATION_COMMENTS = YES;
				CLANG_WARN_EMPTY_BODY = YES;
				CLANG_WARN_ENUM_CONVERSION = YES;
				CLANG_WARN_INFINITE_RECURSION = YES;
				CLANG_WARN_INT_CONVERSION = YES;
				CLANG_WARN_NON_LITERAL_NULL_CONVERSION = YES;
				CLANG_WARN_OBJC_IMPLICIT_RETAIN_SELF = YES;
				CLANG_WARN_OBJC_LITERAL_CONVERSION = YES;
				CLANG_WARN_OBJC_ROOT_CLASS = YES_ERROR;
				CLANG_WARN_QUOTED_INCLUDE_IN_FRAMEWORK_HEADER = YES;
				CLANG_WARN_RANGE_LOOP_ANALYSIS = YES;
				CLANG_WARN_STRICT_PROTOTYPES = YES;
				CLANG_WARN_SUSPICIOUS_MOVE = YES;
				CLANG_WARN_UNGUARDED_AVAILABILITY = YES_AGGRESSIVE;
				CLANG_WARN_UNREACHABLE_CODE = YES;
				CLANG_WARN__DUPLICATE_METHOD_MATCH = YES;
				COPY_PHASE_STRIP = NO;
				DEBUG_INFORMATION_FORMAT = dwarf;
				ENABLE_STRICT_OBJC_MSGSEND = YES;
				ENABLE_TESTABILITY = YES;
				GCC_C_LANGUAGE_STANDARD = gnu11;
				GCC_DYNAMIC_NO_PIC = NO;
				GCC_NO_COMMON_BLOCKS = YES;
				GCC_OPTIMIZATION_LEVEL = 0;
				GCC_PREPROCESSOR_DEFINITIONS = (
					"DEBUG=1",
					"$(inherited)",
				);
				GCC_WARN_64_TO_32_BIT_CONVERSION = YES;
				GCC_WARN_ABOUT_RETURN_TYPE = YES_ERROR;
				GCC_WARN_UNDECLARED_SELECTOR = YES;
				GCC_WARN_UNINITIALIZED_AUTOS = YES_AGGRESSIVE;
				GCC_WARN_UNUSED_FUNCTION = YES;
				GCC_WARN_UNUSED_VARIABLE = YES;
				IPHONEOS_DEPLOYMENT_TARGET = 16.2;
				MTL_ENABLE_DEBUG_INFO = INCLUDE_SOURCE;
				MTL_FAST_MATH = YES;
				ONLY_ACTIVE_ARCH = YES;
				SDKROOT = iphoneos;
				SWIFT_ACTIVE_COMPILATION_CONDITIONS = DEBUG;
				SWIFT_OPTIMIZATION_LEVEL = "-Onone";
			};
			name = Debug;
		};
		30713CCB2994215800B7F3F8 /* Release */ = {
			isa = XCBuildConfiguration;
			buildSettings = {
				ALWAYS_SEARCH_USER_PATHS = NO;
				CLANG_ANALYZER_NONNULL = YES;
				CLANG_ANALYZER_NUMBER_OBJECT_CONVERSION = YES_AGGRESSIVE;
				CLANG_CXX_LANGUAGE_STANDARD = "gnu++20";
				CLANG_ENABLE_MODULES = YES;
				CLANG_ENABLE_OBJC_ARC = YES;
				CLANG_ENABLE_OBJC_WEAK = YES;
				CLANG_WARN_BLOCK_CAPTURE_AUTORELEASING = YES;
				CLANG_WARN_BOOL_CONVERSION = YES;
				CLANG_WARN_COMMA = YES;
				CLANG_WARN_CONSTANT_CONVERSION = YES;
				CLANG_WARN_DEPRECATED_OBJC_IMPLEMENTATIONS = YES;
				CLANG_WARN_DIRECT_OBJC_ISA_USAGE = YES_ERROR;
				CLANG_WARN_DOCUMENTATION_COMMENTS = YES;
				CLANG_WARN_EMPTY_BODY = YES;
				CLANG_WARN_ENUM_CONVERSION = YES;
				CLANG_WARN_INFINITE_RECURSION = YES;
				CLANG_WARN_INT_CONVERSION = YES;
				CLANG_WARN_NON_LITERAL_NULL_CONVERSION = YES;
				CLANG_WARN_OBJC_IMPLICIT_RETAIN_SELF = YES;
				CLANG_WARN_OBJC_LITERAL_CONVERSION = YES;
				CLANG_WARN_OBJC_ROOT_CLASS = YES_ERROR;
				CLANG_WARN_QUOTED_INCLUDE_IN_FRAMEWORK_HEADER = YES;
				CLANG_WARN_RANGE_LOOP_ANALYSIS = YES;
				CLANG_WARN_STRICT_PROTOTYPES = YES;
				CLANG_WARN_SUSPICIOUS_MOVE = YES;
				CLANG_WARN_UNGUARDED_AVAILABILITY = YES_AGGRESSIVE;
				CLANG_WARN_UNREACHABLE_CODE = YES;
				CLANG_WARN__DUPLICATE_METHOD_MATCH = YES;
				COPY_PHASE_STRIP = NO;
				DEBUG_INFORMATION_FORMAT = "dwarf-with-dsym";
				ENABLE_NS_ASSERTIONS = NO;
				ENABLE_STRICT_OBJC_MSGSEND = YES;
				GCC_C_LANGUAGE_STANDARD = gnu11;
				GCC_NO_COMMON_BLOCKS = YES;
				GCC_WARN_64_TO_32_BIT_CONVERSION = YES;
				GCC_WARN_ABOUT_RETURN_TYPE = YES_ERROR;
				GCC_WARN_UNDECLARED_SELECTOR = YES;
				GCC_WARN_UNINITIALIZED_AUTOS = YES_AGGRESSIVE;
				GCC_WARN_UNUSED_FUNCTION = YES;
				GCC_WARN_UNUSED_VARIABLE = YES;
				IPHONEOS_DEPLOYMENT_TARGET = 16.2;
				MTL_ENABLE_DEBUG_INFO = NO;
				MTL_FAST_MATH = YES;
				SDKROOT = iphoneos;
				SWIFT_COMPILATION_MODE = wholemodule;
				SWIFT_OPTIMIZATION_LEVEL = "-O";
				VALIDATE_PRODUCT = YES;
			};
			name = Release;
		};
		30713CCD2994215800B7F3F8 /* Debug */ = {
			isa = XCBuildConfiguration;
			buildSettings = {
				ASSETCATALOG_COMPILER_APPICON_NAME = AppIcon;
				ASSETCATALOG_COMPILER_GLOBAL_ACCENT_COLOR_NAME = AccentColor;
				CODE_SIGN_STYLE = Automatic;
				CURRENT_PROJECT_VERSION = 1;
				DEVELOPMENT_ASSET_PATHS = "\"ModulesGPT/Preview Content\"";
				DEVELOPMENT_TEAM = VL83R4W48B;
				ENABLE_PREVIEWS = YES;
				GENERATE_INFOPLIST_FILE = YES;
				INFOPLIST_KEY_UIApplicationSceneManifest_Generation = YES;
				INFOPLIST_KEY_UIApplicationSupportsIndirectInputEvents = YES;
				INFOPLIST_KEY_UILaunchScreen_Generation = YES;
				INFOPLIST_KEY_UISupportedInterfaceOrientations_iPad = "UIInterfaceOrientationPortrait UIInterfaceOrientationPortraitUpsideDown UIInterfaceOrientationLandscapeLeft UIInterfaceOrientationLandscapeRight";
				INFOPLIST_KEY_UISupportedInterfaceOrientations_iPhone = "UIInterfaceOrientationPortrait UIInterfaceOrientationLandscapeLeft UIInterfaceOrientationLandscapeRight";
				LD_RUNPATH_SEARCH_PATHS = (
					"$(inherited)",
					"@executable_path/Frameworks",
				);
				MARKETING_VERSION = 1.0;
				PRODUCT_BUNDLE_IDENTIFIER = com.giorgionetwork.ModulesGPT;
				PRODUCT_NAME = "$(TARGET_NAME)";
				SWIFT_EMIT_LOC_STRINGS = YES;
				SWIFT_VERSION = 5.0;
				TARGETED_DEVICE_FAMILY = "1,2";
			};
			name = Debug;
		};
		30713CCE2994215800B7F3F8 /* Release */ = {
			isa = XCBuildConfiguration;
			buildSettings = {
				ASSETCATALOG_COMPILER_APPICON_NAME = AppIcon;
				ASSETCATALOG_COMPILER_GLOBAL_ACCENT_COLOR_NAME = AccentColor;
				CODE_SIGN_STYLE = Automatic;
				CURRENT_PROJECT_VERSION = 1;
				DEVELOPMENT_ASSET_PATHS = "\"ModulesGPT/Preview Content\"";
				DEVELOPMENT_TEAM = VL83R4W48B;
				ENABLE_PREVIEWS = YES;
				GENERATE_INFOPLIST_FILE = YES;
				INFOPLIST_KEY_UIApplicationSceneManifest_Generation = YES;
				INFOPLIST_KEY_UIApplicationSupportsIndirectInputEvents = YES;
				INFOPLIST_KEY_UILaunchScreen_Generation = YES;
				INFOPLIST_KEY_UISupportedInterfaceOrientations_iPad = "UIInterfaceOrientationPortrait UIInterfaceOrientationPortraitUpsideDown UIInterfaceOrientationLandscapeLeft UIInterfaceOrientationLandscapeRight";
				INFOPLIST_KEY_UISupportedInterfaceOrientations_iPhone = "UIInterfaceOrientationPortrait UIInterfaceOrientationLandscapeLeft UIInterfaceOrientationLandscapeRight";
				LD_RUNPATH_SEARCH_PATHS = (
					"$(inherited)",
					"@executable_path/Frameworks",
				);
				MARKETING_VERSION = 1.0;
				PRODUCT_BUNDLE_IDENTIFIER = com.giorgionetwork.ModulesGPT;
				PRODUCT_NAME = "$(TARGET_NAME)";
				SWIFT_EMIT_LOC_STRINGS = YES;
				SWIFT_VERSION = 5.0;
				TARGETED_DEVICE_FAMILY = "1,2";
			};
			name = Release;
		};
/* End XCBuildConfiguration section */

/* Begin XCConfigurationList section */
		30713CB92994215600B7F3F8 /* Build configuration list for PBXProject "ModulesGPT" */ = {
			isa = XCConfigurationList;
			buildConfigurations = (
				30713CCA2994215800B7F3F8 /* Debug */,
				30713CCB2994215800B7F3F8 /* Release */,
			);
			defaultConfigurationIsVisible = 0;
			defaultConfigurationName = Release;
		};
		30713CCC2994215800B7F3F8 /* Build configuration list for PBXNativeTarget "ModulesGPT" */ = {
			isa = XCConfigurationList;
			buildConfigurations = (
				30713CCD2994215800B7F3F8 /* Debug */,
				30713CCE2994215800B7F3F8 /* Release */,
			);
			defaultConfigurationIsVisible = 0;
			defaultConfigurationName = Release;
		};
/* End XCConfigurationList section */

/* Begin XCRemoteSwiftPackageReference section */
		30713CD92994291900B7F3F8 /* XCRemoteSwiftPackageReference "OpenAISwift" */ = {
			isa = XCRemoteSwiftPackageReference;
			repositoryURL = "https://github.com/adamrushy/OpenAISwift";
			requirement = {
				branch = main;
				kind = branch;
			};
		};
/* End XCRemoteSwiftPackageReference section */

/* Begin XCSwiftPackageProductDependency section */
		30713CDA2994291900B7F3F8 /* OpenAISwift */ = {
			isa = XCSwiftPackageProductDependency;
			package = 30713CD92994291900B7F3F8 /* XCRemoteSwiftPackageReference "OpenAISwift" */;
			productName = OpenAISwift;
		};
/* End XCSwiftPackageProductDependency section */
	};
	rootObject = 30713CB62994215600B7F3F8 /* Project object */;
}
